{
  "version": 4,
  "terraform_version": "1.11.4",
  "serial": 1,
  "lineage": "405be5d0-2d13-fc63-fcd1-9ea1bf4b5503",
  "outputs": {},
  "resources": [
    {
      "mode": "managed",
      "type": "github_repository",
      "name": "my-first-terraform",
      "provider": "provider[\"registry.terraform.io/hashicorp/github\"]",
      "instances": [
        {
          "schema_version": 1,
          "attributes": {
            "allow_auto_merge": false,
            "allow_merge_commit": true,
            "allow_rebase_merge": true,
            "allow_squash_merge": true,
            "allow_update_branch": false,
            "archive_on_destroy": null,
            "archived": false,
            "auto_init": true,
            "default_branch": "main",
            "delete_branch_on_merge": false,
            "description": "This is my first repository from terraform",
            "etag": "W/\"de9d61f0c90acf0bff0e8d33dd1d78a5dd9326864920626242617a33a82450be\"",
            "full_name": "aniketmehta03/my-first-repo-terraform",
            "git_clone_url": "git://github.com/aniketmehta03/my-first-repo-terraform.git",
            "gitignore_template": null,
            "has_discussions": false,
            "has_downloads": false,
            "has_issues": false,
            "has_projects": false,
            "has_wiki": false,
            "homepage_url": "",
            "html_url": "https://github.com/aniketmehta03/my-first-repo-terraform",
            "http_clone_url": "https://github.com/aniketmehta03/my-first-repo-terraform.git",
            "id": "my-first-repo-terraform",
            "ignore_vulnerability_alerts_during_read": null,
            "is_template": false,
            "license_template": null,
            "merge_commit_message": "PR_TITLE",
            "merge_commit_title": "MERGE_MESSAGE",
            "name": "my-first-repo-terraform",
            "node_id": "R_kgDOOhAVmw",
            "pages": [],
            "primary_language": "",
            "private": false,
            "repo_id": 974132635,
            "security_and_analysis": [
              {
                "advanced_security": [],
                "secret_scanning": [
                  {
                    "status": "enabled"
                  }
                ],
                "secret_scanning_push_protection": [
                  {
                    "status": "enabled"
                  }
                ]
              }
            ],
            "squash_merge_commit_message": "COMMIT_MESSAGES",
            "squash_merge_commit_title": "COMMIT_OR_PR_TITLE",
            "ssh_clone_url": "git@github.com:aniketmehta03/my-first-repo-terraform.git",
            "svn_url": "https://github.com/aniketmehta03/my-first-repo-terraform",
            "template": [],
            "topics": [],
            "visibility": "public",
            "vulnerability_alerts": false,
            "web_commit_signoff_required": false
          },
          "sensitive_attributes": [],
          "private": "eyJzY2hlbWFfdmVyc2lvbiI6IjEifQ=="
        }
      ]
    }
  ],
  "check_results": null
}
